<Solution>
  <Project Path="Unity.BuildReportInspector.Editor.Mobile.csproj" />
  <Project Path="Assembly-CSharp.csproj" />
  <Project Path="Assembly-CSharp-Editor.csproj" />
  <Project Path="Unity.BuildReportInspector.Editor.csproj" />
  <Project Path="CrazyGamesDefineManager.csproj" />
</Solution>
